{
    "version": 3,
    "terraform_version": "0.11.10",
    "serial": 4,
    "lineage": "3bfc2be8-5154-a523-cd85-4498dd65899b",
    "modules": [
        {
            "path": [
                "root"
            ],
            "outputs": {},
            "resources": {},
            "depends_on": []
        },
        {
            "path": [
                "root",
                "asg-elb"
            ],
            "outputs": {},
            "resources": {
                "aws_autoscaling_group.asg-tf": {
                    "type": "aws_autoscaling_group",
                    "depends_on": [
                        "aws_elb.elb-tf",
                        "aws_launch_configuration.lc-tf"
                    ],
                    "primary": {
                        "id": "nba-dalton-hub-www-stage-tf",
                        "attributes": {
                            "arn": "arn:aws:autoscaling:us-east-1:094123751301:autoScalingGroup:4079f182-e27f-462a-82bc-e37adaa3c082:autoScalingGroupName/nba-dalton-hub-www-stage-tf",
                            "availability_zones.#": "2",
                            "availability_zones.1252502072": "us-east-1f",
                            "availability_zones.2762590996": "us-east-1d",
                            "default_cooldown": "300",
                            "desired_capacity": "2",
                            "enabled_metrics.#": "0",
                            "force_delete": "false",
                            "health_check_grace_period": "300",
                            "health_check_type": "EC2",
                            "id": "nba-dalton-hub-www-stage-tf",
                            "launch_configuration": "nba-dalton-hub-www-stage-tf-20180804033853845300000001",
                            "launch_template.#": "0",
                            "load_balancers.#": "1",
                            "load_balancers.613698200": "nba-dalton-hub-www-stage-tf",
                            "max_size": "5",
                            "metrics_granularity": "1Minute",
                            "min_size": "1",
                            "mixed_instances_policy.#": "0",
                            "name": "nba-dalton-hub-www-stage-tf",
                            "placement_group": "",
                            "protect_from_scale_in": "false",
                            "service_linked_role_arn": "arn:aws:iam::094123751301:role/aws-service-role/autoscaling.amazonaws.com/AWSServiceRoleForAutoScaling",
                            "suspended_processes.#": "0",
                            "tag.#": "7",
                            "tag.1876913156.key": "customer",
                            "tag.1876913156.propagate_at_launch": "true",
                            "tag.1876913156.value": "nba.com",
                            "tag.251053305.key": "application",
                            "tag.251053305.propagate_at_launch": "true",
                            "tag.251053305.value": "nba-dalton-hub-www",
                            "tag.2712126895.key": "team",
                            "tag.2712126895.propagate_at_launch": "true",
                            "tag.2712126895.value": "ictops",
                            "tag.2760038797.key": "contact-email",
                            "tag.2760038797.propagate_at_launch": "true",
                            "tag.2760038797.value": "identitysrvcsdev@turner.com",
                            "tag.306220146.key": "environment",
                            "tag.306220146.propagate_at_launch": "true",
                            "tag.306220146.value": "stage",
                            "tag.3284478157.key": "description",
                            "tag.3284478157.propagate_at_launch": "true",
                            "tag.3284478157.value": "https://github.com/turnercode/nba-dalton-terraform",
                            "tag.3708255697.key": "Name",
                            "tag.3708255697.propagate_at_launch": "true",
                            "tag.3708255697.value": "nba-dalton-hub-www-stage-asg",
                            "target_group_arns.#": "0",
                            "termination_policies.#": "0",
                            "vpc_zone_identifier.#": "3",
                            "vpc_zone_identifier.1602135765": "subnet-073389de95a3f1c74",
                            "vpc_zone_identifier.1744663630": "subnet-008479c8f184dc7b8",
                            "vpc_zone_identifier.2211033266": "subnet-07a976ecfc104c5e2",
                            "wait_for_capacity_timeout": "10m"
                        },
                        "meta": {
                            "e2bfb730-ecaa-11e6-8f88-34363bc7c4c0": {
                                "delete": 600000000000
                            }
                        },
                        "tainted": false
                    },
                    "deposed": [],
                    "provider": "module.asg-elb.provider.aws"
                },
                "aws_elb.elb-tf": {
                    "type": "aws_elb",
                    "depends_on": [],
                    "primary": {
                        "id": "nba-dalton-hub-www-stage-tf",
                        "attributes": {
                            "access_logs.#": "0",
                            "arn": "arn:aws:elasticloadbalancing:us-east-1:094123751301:loadbalancer/nba-dalton-hub-www-stage-tf",
                            "availability_zones.#": "2",
                            "availability_zones.1252502072": "us-east-1f",
                            "availability_zones.2762590996": "us-east-1d",
                            "connection_draining": "false",
                            "connection_draining_timeout": "300",
                            "cross_zone_load_balancing": "true",
                            "dns_name": "nba-dalton-hub-www-stage-tf-57266672.us-east-1.elb.amazonaws.com",
                            "health_check.#": "1",
                            "health_check.0.healthy_threshold": "3",
                            "health_check.0.interval": "30",
                            "health_check.0.target": "HTTP:5000/healthcheck.txt",
                            "health_check.0.timeout": "5",
                            "health_check.0.unhealthy_threshold": "3",
                            "id": "nba-dalton-hub-www-stage-tf",
                            "idle_timeout": "60",
                            "instances.#": "2",
                            "instances.1205733299": "i-01ac9ccdc29e27f4b",
                            "instances.4212757457": "i-09f02aea5f85f680f",
                            "internal": "false",
                            "listener.#": "2",
                            "listener.3455061426.instance_port": "5000",
                            "listener.3455061426.instance_protocol": "http",
                            "listener.3455061426.lb_port": "443",
                            "listener.3455061426.lb_protocol": "https",
                            "listener.3455061426.ssl_certificate_id": "arn:aws:acm:us-east-1:094123751301:certificate/929d86a0-b1b7-4844-983a-61275ef39945",
                            "listener.996561874.instance_port": "5000",
                            "listener.996561874.instance_protocol": "http",
                            "listener.996561874.lb_port": "80",
                            "listener.996561874.lb_protocol": "http",
                            "listener.996561874.ssl_certificate_id": "",
                            "name": "nba-dalton-hub-www-stage-tf",
                            "security_groups.#": "1",
                            "security_groups.1030664923": "sg-044ef045bf0e05bcc",
                            "source_security_group": "094123751301/dalton-argo-lb-sg",
                            "source_security_group_id": "sg-044ef045bf0e05bcc",
                            "subnets.#": "2",
                            "subnets.3069561954": "subnet-06e45fe40a8a84b44",
                            "subnets.3568195775": "subnet-04c1e610975d117ce",
                            "tags.%": "7",
                            "tags.Name": "nba-dalton-hub-www-stage-tf",
                            "tags.contact-email": "identitysrvcsdev@turner.com",
                            "tags.customer": "nba.com",
                            "tags.description": "https://github.com/turnercode/nba-dalton-terraform",
                            "tags.environment": "stage",
                            "tags.product": "nba-dalton-hub-www",
                            "tags.team": "ictops",
                            "zone_id": "Z35SXDOTRQ7X7K"
                        },
                        "meta": {},
                        "tainted": false
                    },
                    "deposed": [],
                    "provider": "module.asg-elb.provider.aws"
                },
                "aws_launch_configuration.lc-tf": {
                    "type": "aws_launch_configuration",
                    "depends_on": [
                        "module.bootstrap"
                    ],
                    "primary": {
                        "id": "nba-dalton-hub-www-stage-tf-20180804033853845300000001",
                        "attributes": {
                            "associate_public_ip_address": "false",
                            "ebs_block_device.#": "0",
                            "ebs_optimized": "false",
                            "enable_monitoring": "true",
                            "ephemeral_block_device.#": "0",
                            "iam_instance_profile": "",
                            "id": "nba-dalton-hub-www-stage-tf-20180804033853845300000001",
                            "image_id": "ami-fce3c696",
                            "instance_type": "t2.small",
                            "key_name": "",
                            "name": "nba-dalton-hub-www-stage-tf-20180804033853845300000001",
                            "name_prefix": "nba-dalton-hub-www-stage-tf-",
                            "root_block_device.#": "1",
                            "root_block_device.0.delete_on_termination": "true",
                            "root_block_device.0.iops": "0",
                            "root_block_device.0.volume_size": "8",
                            "root_block_device.0.volume_type": "gp2",
                            "security_groups.#": "1",
                            "security_groups.1541329817": "sg-0eec1445b541d8b31",
                            "spot_price": "",
                            "user_data": "edaefab61103825451ad9a928c53cccd26c75c8c",
                            "vpc_classic_link_id": "",
                            "vpc_classic_link_security_groups.#": "0"
                        },
                        "meta": {},
                        "tainted": false
                    },
                    "deposed": [],
                    "provider": "module.asg-elb.provider.aws"
                },
                "aws_load_balancer_listener_policy.elb-tf-listener-policy": {
                    "type": "aws_load_balancer_listener_policy",
                    "depends_on": [
                        "aws_elb.elb-tf",
                        "aws_load_balancer_policy.elb-ssl-policy"
                    ],
                    "primary": {
                        "id": "nba-dalton-hub-www-stage-tf:443",
                        "attributes": {
                            "id": "nba-dalton-hub-www-stage-tf:443",
                            "load_balancer_name": "nba-dalton-hub-www-stage-tf",
                            "load_balancer_port": "443",
                            "policy_names.#": "1",
                            "policy_names.3404585985": "nba-dalton-hub-www-stage-policy"
                        },
                        "meta": {},
                        "tainted": false
                    },
                    "deposed": [],
                    "provider": "module.asg-elb.provider.aws"
                },
                "aws_load_balancer_policy.elb-ssl-policy": {
                    "type": "aws_load_balancer_policy",
                    "depends_on": [
                        "aws_elb.elb-tf"
                    ],
                    "primary": {
                        "id": "nba-dalton-hub-www-stage-tf:nba-dalton-hub-www-stage-policy",
                        "attributes": {
                            "id": "nba-dalton-hub-www-stage-tf:nba-dalton-hub-www-stage-policy",
                            "load_balancer_name": "nba-dalton-hub-www-stage-tf",
                            "policy_attribute.#": "23",
                            "policy_attribute.1009062314.name": "Protocol-TLSv1.1",
                            "policy_attribute.1009062314.value": "true",
                            "policy_attribute.1157710355.name": "ECDHE-RSA-AES128-SHA256",
                            "policy_attribute.1157710355.value": "true",
                            "policy_attribute.1162508121.name": "ECDHE-RSA-AES128-GCM-SHA256",
                            "policy_attribute.1162508121.value": "true",
                            "policy_attribute.1169499347.name": "ECDHE-RSA-AES256-SHA",
                            "policy_attribute.1169499347.value": "true",
                            "policy_attribute.1189695624.name": "ECDHE-RSA-AES128-SHA",
                            "policy_attribute.1189695624.value": "true",
                            "policy_attribute.1374486838.name": "ECDHE-ECDSA-AES256-GCM-SHA384",
                            "policy_attribute.1374486838.value": "true",
                            "policy_attribute.1401804560.name": "ECDHE-ECDSA-AES256-SHA384",
                            "policy_attribute.1401804560.value": "true",
                            "policy_attribute.1636262000.name": "ECDHE-ECDSA-AES128-GCM-SHA256",
                            "policy_attribute.1636262000.value": "true",
                            "policy_attribute.1648049300.name": "ECDHE-RSA-AES256-SHA384",
                            "policy_attribute.1648049300.value": "true",
                            "policy_attribute.1689615010.name": "Reference-Security-Policy",
                            "policy_attribute.1689615010.value": "ELBSecurityPolicy-2016-08",
                            "policy_attribute.1958193559.name": "ECDHE-ECDSA-AES128-SHA256",
                            "policy_attribute.1958193559.value": "true",
                            "policy_attribute.1965037087.name": "ECDHE-RSA-AES256-GCM-SHA384",
                            "policy_attribute.1965037087.value": "true",
                            "policy_attribute.2179956068.name": "Protocol-TLSv1.2",
                            "policy_attribute.2179956068.value": "true",
                            "policy_attribute.2223865434.name": "AES128-SHA256",
                            "policy_attribute.2223865434.value": "true",
                            "policy_attribute.2967082937.name": "Protocol-TLSv1",
                            "policy_attribute.2967082937.value": "true",
                            "policy_attribute.3306698813.name": "AES256-GCM-SHA384",
                            "policy_attribute.3306698813.value": "true",
                            "policy_attribute.3371002872.name": "Server-Defined-Cipher-Order",
                            "policy_attribute.3371002872.value": "true",
                            "policy_attribute.3454672421.name": "AES256-SHA256",
                            "policy_attribute.3454672421.value": "true",
                            "policy_attribute.3631379457.name": "ECDHE-ECDSA-AES256-SHA",
                            "policy_attribute.3631379457.value": "true",
                            "policy_attribute.3677225050.name": "ECDHE-ECDSA-AES128-SHA",
                            "policy_attribute.3677225050.value": "true",
                            "policy_attribute.4117911931.name": "AES128-GCM-SHA256",
                            "policy_attribute.4117911931.value": "true",
                            "policy_attribute.771366608.name": "AES256-SHA",
                            "policy_attribute.771366608.value": "true",
                            "policy_attribute.782658187.name": "AES128-SHA",
                            "policy_attribute.782658187.value": "true",
                            "policy_name": "nba-dalton-hub-www-stage-policy",
                            "policy_type_name": "SSLNegotiationPolicyType"
                        },
                        "meta": {},
                        "tainted": false
                    },
                    "deposed": [],
                    "provider": "module.asg-elb.provider.aws"
                }
            },
            "depends_on": []
        },
        {
            "path": [
                "root",
                "asg-elb",
                "bootstrap"
            ],
            "outputs": {
                "user_data": {
                    "sensitive": false,
                    "type": "string",
                    "value": "#!/usr/bin/env bash\n\napt-get install curl -y\n\nif [ \"none\" == \"none\" ]; then\nREAL_CUSTOMER=ids\nelse\nREAL_CUSTOMER=none\nfi\n\nIFS=',' read -r -a array \u003c\u003c\u003c \"nba-dalton-hub-www:stage\"\n\nproducts2=\"[\"\nfor element in \"${array[@]}\"\ndo\n  IFS=':' read -r -a array2 \u003c\u003c\u003c \"$element\"\n  products2+=\"{\\\"name\\\":\\\"${array2[0]}\\\",\\\"environment\\\":\\\"${array2[1]}\\\"},\"\ndone\n\nproducts2=${products2%?}\n\nproducts2+=\"]\"\n\ncurl -X POST -H \"Content-Type: application/json\" -v -o /tmp/bootstrap.sh http://bootstrap.services.dmtio.net/v1/get_bootstrap_text --data-binary @- \u003c\u003cBODY\n{\n  \"chassis\": \"EC2_VIRTUAL\",\n  \"package\": \"1x2x8-t2\",\n  \"location\": \"ec2\",\n  \"owner\": \"ictops\",\n  \"customer\": \"${REAL_CUSTOMER}\",\n  \"network\": \"prod\",\n  \"conftag\": \"PROD\",\n  \"creator\": \"terraform\",\n  \"lvm\": \"\",\n  \"mkfs\": \"\",\n  \"nameservers\": \"\",\n  \"ntpservers\": \"\",\n  \"idburl\": \"http://idb.services.dmtio.net\",\n  \"idbrwurl\": \"http://idb-api.ec2.dmtio.net\",\n  \"deployiturl\": \"http://deployit.services.dmtio.net\",\n  \"products\": ${products2}\n}\nBODY\n\nbash /tmp/bootstrap.sh\n"
                }
            },
            "resources": {
                "data.template_file.bootstrap": {
                    "type": "template_file",
                    "depends_on": [],
                    "primary": {
                        "id": "8d8c73c908661d8909055537fcf9d1194e465264255bd70cb2c2e8f19561f019",
                        "attributes": {
                            "id": "8d8c73c908661d8909055537fcf9d1194e465264255bd70cb2c2e8f19561f019",
                            "rendered": "#!/usr/bin/env bash\n\napt-get install curl -y\n\nif [ \"none\" == \"none\" ]; then\nREAL_CUSTOMER=ids\nelse\nREAL_CUSTOMER=none\nfi\n\nIFS=',' read -r -a array \u003c\u003c\u003c \"nba-dalton-hub-www:stage\"\n\nproducts2=\"[\"\nfor element in \"${array[@]}\"\ndo\n  IFS=':' read -r -a array2 \u003c\u003c\u003c \"$element\"\n  products2+=\"{\\\"name\\\":\\\"${array2[0]}\\\",\\\"environment\\\":\\\"${array2[1]}\\\"},\"\ndone\n\nproducts2=${products2%?}\n\nproducts2+=\"]\"\n\ncurl -X POST -H \"Content-Type: application/json\" -v -o /tmp/bootstrap.sh http://bootstrap.services.dmtio.net/v1/get_bootstrap_text --data-binary @- \u003c\u003cBODY\n{\n  \"chassis\": \"EC2_VIRTUAL\",\n  \"package\": \"1x2x8-t2\",\n  \"location\": \"ec2\",\n  \"owner\": \"ictops\",\n  \"customer\": \"${REAL_CUSTOMER}\",\n  \"network\": \"prod\",\n  \"conftag\": \"PROD\",\n  \"creator\": \"terraform\",\n  \"lvm\": \"\",\n  \"mkfs\": \"\",\n  \"nameservers\": \"\",\n  \"ntpservers\": \"\",\n  \"idburl\": \"http://idb.services.dmtio.net\",\n  \"idbrwurl\": \"http://idb-api.ec2.dmtio.net\",\n  \"deployiturl\": \"http://deployit.services.dmtio.net\",\n  \"products\": ${products2}\n}\nBODY\n\nbash /tmp/bootstrap.sh\n",
                            "template": "#!/usr/bin/env bash\n\napt-get install curl -y\n\nif [ \"${real_customer}\" == \"none\" ]; then\nREAL_CUSTOMER=${customer}\nelse\nREAL_CUSTOMER=${real_customer}\nfi\n\nIFS=',' read -r -a array \u003c\u003c\u003c \"${products}\"\n\nproducts2=\"[\"\nfor element in \"$${array[@]}\"\ndo\n  IFS=':' read -r -a array2 \u003c\u003c\u003c \"$$element\"\n  products2+=\"{\\\"name\\\":\\\"$${array2[0]}\\\",\\\"environment\\\":\\\"$${array2[1]}\\\"},\"\ndone\n\nproducts2=$${products2%?}\n\nproducts2+=\"]\"\n\ncurl -X POST -H \"Content-Type: application/json\" -v -o /tmp/bootstrap.sh http://${bootstrap_endpoint}/v1/get_bootstrap_text --data-binary @- \u003c\u003cBODY\n{\n  \"chassis\": \"${chassis}\",\n  \"package\": \"${package_size}\",\n  \"location\": \"${location}\",\n  \"owner\": \"${owner}\",\n  \"customer\": \"$${REAL_CUSTOMER}\",\n  \"network\": \"${network}\",\n  \"conftag\": \"${conftag}\",\n  \"creator\": \"terraform\",\n  \"lvm\": \"${lvm}\",\n  \"mkfs\": \"${mkfs}\",\n  \"nameservers\": \"${nameservers}\",\n  \"ntpservers\": \"${ntpservers}\",\n  \"idburl\": \"${idb_endpoint}\",\n  \"idbrwurl\": \"${idb_rw_endpoint}\",\n  \"deployiturl\": \"${deployit_endpoint}\",\n  \"products\": $${products2}\n}\nBODY\n\nbash /tmp/bootstrap.sh\n",
                            "vars.%": "18",
                            "vars.bootstrap_endpoint": "bootstrap.services.dmtio.net",
                            "vars.chassis": "EC2_VIRTUAL",
                            "vars.conftag": "PROD",
                            "vars.customer": "ids",
                            "vars.deployit_endpoint": "http://deployit.services.dmtio.net",
                            "vars.environment": "stage",
                            "vars.idb_endpoint": "http://idb.services.dmtio.net",
                            "vars.idb_rw_endpoint": "http://idb-api.ec2.dmtio.net",
                            "vars.location": "ec2",
                            "vars.lvm": "",
                            "vars.mkfs": "",
                            "vars.nameservers": "",
                            "vars.network": "prod",
                            "vars.ntpservers": "",
                            "vars.owner": "ictops",
                            "vars.package_size": "1x2x8-t2",
                            "vars.products": "nba-dalton-hub-www:stage",
                            "vars.real_customer": "none"
                        },
                        "meta": {},
                        "tainted": false
                    },
                    "deposed": [],
                    "provider": "provider.template"
                }
            },
            "depends_on": []
        }
    ]
}
